version: 6
environments:
  default:
    channels:
    - url: https://conda.anaconda.org/conda-forge/
    packages:
      osx-arm64:
      - conda: https://conda.anaconda.org/conda-forge/osx-arm64/aom-3.9.1-h7bae524_0.conda
      - conda: https://conda.anaconda.org/conda-forge/osx-arm64/blosc-1.21.6-h7dd00d9_1.conda
      - conda: https://conda.anaconda.org/conda-forge/osx-arm64/bzip2-1.0.8-h99b78c6_7.conda
      - conda: https://conda.anaconda.org/conda-forge/osx-arm64/c-ares-1.34.4-h5505292_0.conda
      - conda: https://conda.anaconda.org/conda-forge/osx-arm64/ca-certificates-2024.12.14-hf0a4a13_0.conda
      - conda: https://conda.anaconda.org/conda-forge/osx-arm64/dav1d-1.2.1-hb547adb_0.conda
      - conda: https://conda.anaconda.org/conda-forge/osx-arm64/freexl-2.0.0-h3ab3353_2.conda
      - conda: https://conda.anaconda.org/conda-forge/osx-arm64/gdal-3.10.1-py313hfa7a27e_2.conda
      - conda: https://conda.anaconda.org/conda-forge/osx-arm64/geos-3.13.0-hf9b8971_0.conda
      - conda: https://conda.anaconda.org/conda-forge/osx-arm64/geotiff-1.7.3-h82bf549_3.conda
      - conda: https://conda.anaconda.org/conda-forge/osx-arm64/giflib-5.2.2-h93a5062_0.conda
      - conda: https://conda.anaconda.org/conda-forge/osx-arm64/icu-75.1-hfee45f7_0.conda
      - conda: https://conda.anaconda.org/conda-forge/osx-arm64/json-c-0.18-he4178ee_0.conda
      - conda: https://conda.anaconda.org/conda-forge/osx-arm64/krb5-1.21.3-h237132a_0.conda
      - conda: https://conda.anaconda.org/conda-forge/osx-arm64/lerc-4.0.0-h9a09cb3_0.tar.bz2
      - conda: https://conda.anaconda.org/conda-forge/osx-arm64/libarchive-3.7.7-h3b16cec_3.conda
      - conda: https://conda.anaconda.org/conda-forge/osx-arm64/libavif16-1.1.1-h45b7238_2.conda
      - conda: https://conda.anaconda.org/conda-forge/osx-arm64/libblas-3.9.0-26_osxarm64_openblas.conda
      - conda: https://conda.anaconda.org/conda-forge/osx-arm64/libcblas-3.9.0-26_osxarm64_openblas.conda
      - conda: https://conda.anaconda.org/conda-forge/osx-arm64/libcurl-8.11.1-h73640d1_0.conda
      - conda: https://conda.anaconda.org/conda-forge/osx-arm64/libcxx-19.1.7-ha82da77_0.conda
      - conda: https://conda.anaconda.org/conda-forge/osx-arm64/libde265-1.0.15-h2ffa867_0.conda
      - conda: https://conda.anaconda.org/conda-forge/osx-arm64/libdeflate-1.23-hec38601_0.conda
      - conda: https://conda.anaconda.org/conda-forge/osx-arm64/libedit-3.1.20240808-pl5321hafb1f1b_0.conda
      - conda: https://conda.anaconda.org/conda-forge/osx-arm64/libev-4.33-h93a5062_2.conda
      - conda: https://conda.anaconda.org/conda-forge/osx-arm64/libexpat-2.6.4-h286801f_0.conda
      - conda: https://conda.anaconda.org/conda-forge/osx-arm64/libffi-3.4.2-h3422bc3_5.tar.bz2
      - conda: https://conda.anaconda.org/conda-forge/osx-arm64/libgdal-core-3.10.1-h9ef0d2d_2.conda
      - conda: https://conda.anaconda.org/conda-forge/osx-arm64/libgfortran-5.0.0-13_2_0_hd922786_3.conda
      - conda: https://conda.anaconda.org/conda-forge/osx-arm64/libgfortran5-13.2.0-hf226fd6_3.conda
      - conda: https://conda.anaconda.org/conda-forge/osx-arm64/libheif-1.19.5-gpl_h297b2c4_100.conda
      - conda: https://conda.anaconda.org/conda-forge/osx-arm64/libiconv-1.17-h0d3ecfb_2.conda
      - conda: https://conda.anaconda.org/conda-forge/osx-arm64/libjpeg-turbo-3.0.0-hb547adb_1.conda
      - conda: https://conda.anaconda.org/conda-forge/osx-arm64/libkml-1.3.0-he250239_1021.conda
      - conda: https://conda.anaconda.org/conda-forge/osx-arm64/liblapack-3.9.0-26_osxarm64_openblas.conda
      - conda: https://conda.anaconda.org/conda-forge/osx-arm64/liblzma-5.6.3-h39f12f2_1.conda
      - conda: https://conda.anaconda.org/conda-forge/osx-arm64/libmpdec-4.0.0-h99b78c6_0.conda
      - conda: https://conda.anaconda.org/conda-forge/osx-arm64/libnghttp2-1.64.0-h6d7220d_0.conda
      - conda: https://conda.anaconda.org/conda-forge/osx-arm64/libopenblas-0.3.28-openmp_hf332438_1.conda
      - conda: https://conda.anaconda.org/conda-forge/osx-arm64/libpng-1.6.46-h3783ad8_0.conda
      - conda: https://conda.anaconda.org/conda-forge/osx-arm64/librttopo-1.1.0-ha2cf0f4_17.conda
      - conda: https://conda.anaconda.org/conda-forge/osx-arm64/libspatialite-5.1.0-hf92fc0a_12.conda
      - conda: https://conda.anaconda.org/conda-forge/osx-arm64/libsqlite-3.48.0-h3f77e49_1.conda
      - conda: https://conda.anaconda.org/conda-forge/osx-arm64/libssh2-1.11.1-h9cc3647_0.conda
      - conda: https://conda.anaconda.org/conda-forge/osx-arm64/libtiff-4.7.0-h551f018_3.conda
      - conda: https://conda.anaconda.org/conda-forge/osx-arm64/libwebp-base-1.5.0-h2471fea_0.conda
      - conda: https://conda.anaconda.org/conda-forge/osx-arm64/libxml2-2.13.5-h178c5d8_1.conda
      - conda: https://conda.anaconda.org/conda-forge/osx-arm64/libzlib-1.3.1-h8359307_2.conda
      - conda: https://conda.anaconda.org/conda-forge/osx-arm64/llvm-openmp-19.1.7-hdb05f8b_0.conda
      - conda: https://conda.anaconda.org/conda-forge/osx-arm64/lz4-c-1.10.0-h286801f_1.conda
      - conda: https://conda.anaconda.org/conda-forge/osx-arm64/lzo-2.10-h93a5062_1001.conda
      - conda: https://conda.anaconda.org/conda-forge/osx-arm64/minizip-4.0.7-hff1a8ea_3.conda
      - conda: https://conda.anaconda.org/conda-forge/osx-arm64/ncurses-6.5-h5e97a16_2.conda
      - conda: https://conda.anaconda.org/conda-forge/osx-arm64/numpy-2.2.2-py313h41a2e72_0.conda
      - conda: https://conda.anaconda.org/conda-forge/osx-arm64/openssl-3.4.0-h81ee809_1.conda
      - conda: https://conda.anaconda.org/conda-forge/osx-arm64/pcre2-10.44-h297a79d_2.conda
      - conda: https://conda.anaconda.org/conda-forge/osx-arm64/proj-9.5.1-h1318a7e_0.conda
      - conda: https://conda.anaconda.org/conda-forge/osx-arm64/python-3.13.1-h4f43103_105_cp313.conda
      - conda: https://conda.anaconda.org/conda-forge/osx-arm64/python_abi-3.13-5_cp313.conda
      - conda: https://conda.anaconda.org/conda-forge/osx-arm64/rav1e-0.6.6-h69fbcac_2.conda
      - conda: https://conda.anaconda.org/conda-forge/osx-arm64/readline-8.2-h92ec313_1.conda
      - conda: https://conda.anaconda.org/conda-forge/osx-arm64/snappy-1.2.1-h98b9ce2_1.conda
      - conda: https://conda.anaconda.org/conda-forge/osx-arm64/sqlite-3.48.0-hd7222ec_1.conda
      - conda: https://conda.anaconda.org/conda-forge/osx-arm64/svt-av1-2.3.0-hf24288c_0.conda
      - conda: https://conda.anaconda.org/conda-forge/osx-arm64/tk-8.6.13-h5083fa2_1.conda
      - conda: https://conda.anaconda.org/conda-forge/noarch/tzdata-2025a-h78e105d_0.conda
      - conda: https://conda.anaconda.org/conda-forge/osx-arm64/uriparser-0.9.8-h00cdb27_0.conda
      - conda: https://conda.anaconda.org/conda-forge/osx-arm64/x265-3.5-hbc6ce65_3.tar.bz2
      - conda: https://conda.anaconda.org/conda-forge/osx-arm64/xerces-c-3.2.5-h92fc2f4_2.conda
      - conda: https://conda.anaconda.org/conda-forge/osx-arm64/zlib-1.3.1-h8359307_2.conda
      - conda: https://conda.anaconda.org/conda-forge/osx-arm64/zstd-1.5.6-hb46c0d2_0.conda
packages:
- conda: https://conda.anaconda.org/conda-forge/osx-arm64/aom-3.9.1-h7bae524_0.conda
  sha256: ec238f18ce8140485645252351a0eca9ef4f7a1c568a420f240a585229bc12ef
  md5: 7adba36492a1bb22d98ffffe4f6fc6de
  depends:
  - __osx >=11.0
  - libcxx >=16
  license: BSD-2-Clause
  license_family: BSD
  size: 2235747
  timestamp: 1718551382432
- conda: https://conda.anaconda.org/conda-forge/osx-arm64/blosc-1.21.6-h7dd00d9_1.conda
  sha256: c3fe902114b9a3ac837e1a32408cc2142c147ec054c1038d37aec6814343f48a
  md5: 925acfb50a750aa178f7a0aced77f351
  depends:
  - __osx >=11.0
  - libcxx >=18
  - libzlib >=1.3.1,<2.0a0
  - lz4-c >=1.10.0,<1.11.0a0
  - snappy >=1.2.1,<1.3.0a0
  - zstd >=1.5.6,<1.6.0a0
  license: BSD-3-Clause
  license_family: BSD
  size: 33602
  timestamp: 1733513285902
- conda: https://conda.anaconda.org/conda-forge/osx-arm64/bzip2-1.0.8-h99b78c6_7.conda
  sha256: adfa71f158cbd872a36394c56c3568e6034aa55c623634b37a4836bd036e6b91
  md5: fc6948412dbbbe9a4c9ddbbcfe0a79ab
  depends:
  - __osx >=11.0
  license: bzip2-1.0.6
  license_family: BSD
  size: 122909
  timestamp: 1720974522888
- conda: https://conda.anaconda.org/conda-forge/osx-arm64/c-ares-1.34.4-h5505292_0.conda
  sha256: 09c0c8476e50b2955f474a4a1c17c4c047dd52993b5366b6ea8e968e583b921f
  md5: c1c999a38a4303b29d75c636eaa13cf9
  depends:
  - __osx >=11.0
  license: MIT
  license_family: MIT
  size: 179496
  timestamp: 1734208291879
- conda: https://conda.anaconda.org/conda-forge/osx-arm64/ca-certificates-2024.12.14-hf0a4a13_0.conda
  sha256: 256be633fd0882ccc1a7a32bc278547e1703f85082c0789a87a603ee3ab8fb82
  md5: 7cb381a6783d91902638e4ed1ebd478e
  license: ISC
  size: 157091
  timestamp: 1734208344343
- conda: https://conda.anaconda.org/conda-forge/osx-arm64/dav1d-1.2.1-hb547adb_0.conda
  sha256: 93e077b880a85baec8227e8c72199220c7f87849ad32d02c14fb3807368260b8
  md5: 5a74cdee497e6b65173e10d94582fae6
  license: BSD-2-Clause
  license_family: BSD
  size: 316394
  timestamp: 1685695959391
- conda: https://conda.anaconda.org/conda-forge/osx-arm64/freexl-2.0.0-h3ab3353_2.conda
  sha256: b4146ac9ba1676494e3d812ca39664dd7dd454e4d0984f3665fd6feec318c71c
  md5: dd655a29b40fe0d1bf95c64cf3cb348d
  depends:
  - __osx >=11.0
  - libexpat >=2.6.4,<3.0a0
  - libiconv >=1.17,<2.0a0
  - minizip >=4.0.7,<5.0a0
  license: MPL-1.1
  license_family: MOZILLA
  size: 53378
  timestamp: 1734014980768
- conda: https://conda.anaconda.org/conda-forge/osx-arm64/gdal-3.10.1-py313hfa7a27e_2.conda
  sha256: 792f5622af28d5ee49273f367a5be39e9c4ad8ecc0c4691271c130ad494bb79b
  md5: e91efe62ba55e397ead7534f29c75032
  depends:
  - __osx >=11.0
  - libcxx >=18
  - libgdal-core 3.10.1.*
  - libkml >=1.3.0,<1.4.0a0
  - liblzma >=5.6.3,<6.0a0
  - libxml2 >=2.13.5,<3.0a0
  - numpy >=1.21,<3
  - python >=3.13,<3.14.0a0
  - python >=3.13,<3.14.0a0 *_cp313
  - python_abi 3.13.* *_cp313
  arch: arm64
  platform: osx
  license: MIT
  license_family: MIT
  size: 1677171
  timestamp: 1737611023620
- conda: https://conda.anaconda.org/conda-forge/osx-arm64/geos-3.13.0-hf9b8971_0.conda
  sha256: 273381020b72bde1597d4e07e855ed50ffac083512e61ccbdd99d93f03c6cbf2
  md5: 45b2e9adb9663644b1eefa5300b9eef3
  depends:
  - __osx >=11.0
  - libcxx >=17
  license: LGPL-2.1-only
  size: 1481430
  timestamp: 1725676193541
- conda: https://conda.anaconda.org/conda-forge/osx-arm64/geotiff-1.7.3-h82bf549_3.conda
  sha256: 7ce4d6dced3cd313ea170db69d6929b88d77ebd40715f9f38c3bcba3633d6c65
  md5: cb84033d7c167a16c4577272b4493bc5
  depends:
  - __osx >=11.0
  - libcxx >=17
  - libjpeg-turbo >=3.0.0,<4.0a0
  - libtiff >=4.6.0,<4.8.0a0
  - libzlib >=1.3.1,<2.0a0
  - proj >=9.5.0,<9.6.0a0
  - zlib
  license: MIT
  license_family: MIT
  size: 113739
  timestamp: 1726603324989
- conda: https://conda.anaconda.org/conda-forge/osx-arm64/giflib-5.2.2-h93a5062_0.conda
  sha256: 843b3f364ff844137e37d5c0a181f11f6d51adcedd216f019d074e5aa5d7e09c
  md5: 95fa1486c77505330c20f7202492b913
  license: MIT
  license_family: MIT
  size: 71613
  timestamp: 1712692611426
- conda: https://conda.anaconda.org/conda-forge/osx-arm64/icu-75.1-hfee45f7_0.conda
  sha256: 9ba12c93406f3df5ab0a43db8a4b4ef67a5871dfd401010fbe29b218b2cbe620
  md5: 5eb22c1d7b3fc4abb50d92d621583137
  depends:
  - __osx >=11.0
  license: MIT
  license_family: MIT
  size: 11857802
  timestamp: 1720853997952
- conda: https://conda.anaconda.org/conda-forge/osx-arm64/json-c-0.18-he4178ee_0.conda
  sha256: 73179a1cd0b45c09d4f631cb359d9e755e6e573c5d908df42006728e0bf8297c
  md5: 94f14ef6157687c30feb44e1abecd577
  depends:
  - __osx >=11.0
  license: MIT
  license_family: MIT
  size: 73715
  timestamp: 1726487214495
- conda: https://conda.anaconda.org/conda-forge/osx-arm64/krb5-1.21.3-h237132a_0.conda
  sha256: 4442f957c3c77d69d9da3521268cad5d54c9033f1a73f99cde0a3658937b159b
  md5: c6dc8a0fdec13a0565936655c33069a1
  depends:
  - __osx >=11.0
  - libcxx >=16
  - libedit >=3.1.20191231,<3.2.0a0
  - libedit >=3.1.20191231,<4.0a0
  - openssl >=3.3.1,<4.0a0
  license: MIT
  license_family: MIT
  size: 1155530
  timestamp: 1719463474401
- conda: https://conda.anaconda.org/conda-forge/osx-arm64/lerc-4.0.0-h9a09cb3_0.tar.bz2
  sha256: 6f068bb53dfb6147d3147d981bb851bb5477e769407ad4e6a68edf482fdcb958
  md5: de462d5aacda3b30721b512c5da4e742
  depends:
  - libcxx >=13.0.1
  license: Apache-2.0
  license_family: Apache
  size: 215721
  timestamp: 1657977558796
- conda: https://conda.anaconda.org/conda-forge/osx-arm64/libarchive-3.7.7-h3b16cec_3.conda
  sha256: cbce64423e72bcd3576b5cfe0e4edd255900100f72467d5b4ea1d77449ac1ce9
  md5: 1c2eda2163510220b9f9d56a85c8da9d
  depends:
  - __osx >=11.0
  - bzip2 >=1.0.8,<2.0a0
  - libiconv >=1.17,<2.0a0
  - liblzma >=5.6.3,<6.0a0
  - libxml2 >=2.13.5,<3.0a0
  - libzlib >=1.3.1,<2.0a0
  - lz4-c >=1.10.0,<1.11.0a0
  - lzo >=2.10,<3.0a0
  - openssl >=3.4.0,<4.0a0
  - zstd >=1.5.6,<1.6.0a0
  license: BSD-2-Clause
  license_family: BSD
  size: 772780
  timestamp: 1734021109752
- conda: https://conda.anaconda.org/conda-forge/osx-arm64/libavif16-1.1.1-h45b7238_2.conda
  sha256: c671365e8c822d29b53f20c4573fdbc70f18b50ff9a4b5b2b6b3c8f7ad2ac2a9
  md5: 7571064a60bc193ff5c25f36ed23394a
  depends:
  - __osx >=11.0
  - aom >=3.9.1,<3.10.0a0
  - dav1d >=1.2.1,<1.2.2.0a0
  - rav1e >=0.6.6,<1.0a0
  - svt-av1 >=2.3.0,<2.3.1.0a0
  license: BSD-2-Clause
  license_family: BSD
  size: 96781
  timestamp: 1730268761553
- conda: https://conda.anaconda.org/conda-forge/osx-arm64/libblas-3.9.0-26_osxarm64_openblas.conda
  build_number: 26
  sha256: 597f9c3779caa979c8c6abbb3ba8c7191b84e1a910d6b0d10e5faf35284c450c
  md5: 21be102c9ae80a67ba7de23b129aa7f6
  depends:
  - libopenblas >=0.3.28,<0.3.29.0a0
  - libopenblas >=0.3.28,<1.0a0
  constrains:
  - liblapack 3.9.0 26_osxarm64_openblas
  - liblapacke 3.9.0 26_osxarm64_openblas
  - libcblas 3.9.0 26_osxarm64_openblas
  - blas * openblas
  license: BSD-3-Clause
  license_family: BSD
  size: 16714
  timestamp: 1734433054681
- conda: https://conda.anaconda.org/conda-forge/osx-arm64/libcblas-3.9.0-26_osxarm64_openblas.conda
  build_number: 26
  sha256: 27a29ef6b2fd2179bc3a0bb9db351f078ba140ca10485dca147c399639f84c93
  md5: a0e9980fe12d42f6d0c0ec009f67e948
  depends:
  - libblas 3.9.0 26_osxarm64_openblas
  constrains:
  - liblapack 3.9.0 26_osxarm64_openblas
  - liblapacke 3.9.0 26_osxarm64_openblas
  - blas * openblas
  license: BSD-3-Clause
  license_family: BSD
  size: 16628
  timestamp: 1734433061517
- conda: https://conda.anaconda.org/conda-forge/osx-arm64/libcurl-8.11.1-h73640d1_0.conda
  sha256: f47c35938144c23278987c7d12096f6a42d7c850ffc277222b032073412383b6
  md5: 46d7524cabfdd199bffe63f8f19a552b
  depends:
  - __osx >=11.0
  - krb5 >=1.21.3,<1.22.0a0
  - libnghttp2 >=1.64.0,<2.0a0
  - libssh2 >=1.11.1,<2.0a0
  - libzlib >=1.3.1,<2.0a0
  - openssl >=3.4.0,<4.0a0
  - zstd >=1.5.6,<1.6.0a0
  license: curl
  license_family: MIT
  size: 385098
  timestamp: 1734000160270
- conda: https://conda.anaconda.org/conda-forge/osx-arm64/libcxx-19.1.7-ha82da77_0.conda
  sha256: 776092346da87a2a23502e14d91eb0c32699c4a1522b7331537bd1c3751dcff5
  md5: 5b3e1610ff8bd5443476b91d618f5b77
  depends:
  - __osx >=11.0
  license: Apache-2.0 WITH LLVM-exception
  license_family: Apache
  size: 523505
  timestamp: 1736877862502
- conda: https://conda.anaconda.org/conda-forge/osx-arm64/libde265-1.0.15-h2ffa867_0.conda
  sha256: 13747fa634f7f16d7f222b7d3869e3c1aab9d3a2791edeb2fc632a87663950e0
  md5: 7c718ee6d8497702145612fa0898a12d
  depends:
  - libcxx >=15
  license: LGPL-3.0-or-later
  license_family: LGPL
  size: 277861
  timestamp: 1703089176970
- conda: https://conda.anaconda.org/conda-forge/osx-arm64/libdeflate-1.23-hec38601_0.conda
  sha256: 887c02deaed6d583459eba6367023e36d8761085b2f7126e389424f57155da53
  md5: 1d8b9588be14e71df38c525767a1ac30
  depends:
  - __osx >=11.0
  license: MIT
  license_family: MIT
  size: 54132
  timestamp: 1734373971372
- conda: https://conda.anaconda.org/conda-forge/osx-arm64/libedit-3.1.20240808-pl5321hafb1f1b_0.conda
  sha256: fb934d7a03279ec8eae4bf1913ac9058fcf6fed35290d8ffa6e04157f396a3b1
  md5: af89aa84ffb5ee551ce0c137b951a3b5
  depends:
  - ncurses
  - __osx >=11.0
  - ncurses >=6.5,<7.0a0
  license: BSD-2-Clause
  license_family: BSD
  size: 107634
  timestamp: 1736192034117
- conda: https://conda.anaconda.org/conda-forge/osx-arm64/libev-4.33-h93a5062_2.conda
  sha256: 95cecb3902fbe0399c3a7e67a5bed1db813e5ab0e22f4023a5e0f722f2cc214f
  md5: 36d33e440c31857372a72137f78bacf5
  license: BSD-2-Clause
  license_family: BSD
  size: 107458
  timestamp: 1702146414478
- conda: https://conda.anaconda.org/conda-forge/osx-arm64/libexpat-2.6.4-h286801f_0.conda
  sha256: e42ab5ace927ee7c84e3f0f7d813671e1cf3529f5f06ee5899606630498c2745
  md5: 38d2656dd914feb0cab8c629370768bf
  depends:
  - __osx >=11.0
  constrains:
  - expat 2.6.4.*
  license: MIT
  license_family: MIT
  size: 64693
  timestamp: 1730967175868
- conda: https://conda.anaconda.org/conda-forge/osx-arm64/libffi-3.4.2-h3422bc3_5.tar.bz2
  sha256: 41b3d13efb775e340e4dba549ab5c029611ea6918703096b2eaa9c015c0750ca
  md5: 086914b672be056eb70fd4285b6783b6
  license: MIT
  license_family: MIT
  size: 39020
  timestamp: 1636488587153
- conda: https://conda.anaconda.org/conda-forge/osx-arm64/libgdal-core-3.10.1-h9ef0d2d_2.conda
  sha256: 891e4fc19846b99e5c2232c4e04c72d5eb55cd9702e70416283adf65e0598048
  md5: f0ea5524380b2c76156589e6aa0998a9
  depends:
  - __osx >=11.0
  - blosc >=1.21.6,<2.0a0
  - geos >=3.13.0,<3.13.1.0a0
  - geotiff >=1.7.3,<1.8.0a0
  - giflib >=5.2.2,<5.3.0a0
  - json-c >=0.18,<0.19.0a0
  - lerc >=4.0.0,<5.0a0
  - libarchive >=3.7.7,<3.8.0a0
  - libcurl >=8.11.1,<9.0a0
  - libcxx >=18
  - libdeflate >=1.23,<1.24.0a0
  - libexpat >=2.6.4,<3.0a0
  - libheif >=1.19.5,<1.20.0a0
  - libiconv >=1.17,<2.0a0
  - libjpeg-turbo >=3.0.0,<4.0a0
  - libkml >=1.3.0,<1.4.0a0
  - liblzma >=5.6.3,<6.0a0
  - libpng >=1.6.45,<1.7.0a0
  - libspatialite >=5.1.0,<5.2.0a0
  - libsqlite >=3.48.0,<4.0a0
  - libtiff >=4.7.0,<4.8.0a0
  - libwebp-base >=1.5.0,<2.0a0
  - libxml2 >=2.13.5,<3.0a0
  - libzlib >=1.3.1,<2.0a0
  - lz4-c >=1.10.0,<1.11.0a0
  - openssl >=3.4.0,<4.0a0
  - pcre2 >=10.44,<10.45.0a0
  - proj >=9.5.1,<9.6.0a0
  - xerces-c >=3.2.5,<3.3.0a0
  - zstd >=1.5.6,<1.6.0a0
  constrains:
  - libgdal 3.10.1.*
  license: MIT
  license_family: MIT
  size: 8493126
  timestamp: 1737610665986
- conda: https://conda.anaconda.org/conda-forge/osx-arm64/libgfortran-5.0.0-13_2_0_hd922786_3.conda
  sha256: 44e541b4821c96b28b27fef5630883a60ce4fee91fd9c79f25a199f8f73f337b
  md5: 4a55d9e169114b2b90d3ec4604cd7bbf
  depends:
  - libgfortran5 13.2.0 hf226fd6_3
  license: GPL-3.0-only WITH GCC-exception-3.1
  license_family: GPL
  size: 110233
  timestamp: 1707330749033
- conda: https://conda.anaconda.org/conda-forge/osx-arm64/libgfortran5-13.2.0-hf226fd6_3.conda
  sha256: bafc679eedb468a86aa4636061c55966186399ee0a04b605920d208d97ac579a
  md5: 66ac81d54e95c534ae488726c1f698ea
  depends:
  - llvm-openmp >=8.0.0
  constrains:
  - libgfortran 5.0.0 13_2_0_*_3
  license: GPL-3.0-only WITH GCC-exception-3.1
  license_family: GPL
  size: 997381
  timestamp: 1707330687590
- conda: https://conda.anaconda.org/conda-forge/osx-arm64/libheif-1.19.5-gpl_h297b2c4_100.conda
  sha256: f340e8e51519bcf885da9dd12602f19f76f3206347701accb28034dd0112b1a1
  md5: 5e457131dd237050dbfe6b141592f3ea
  depends:
  - __osx >=11.0
  - aom >=3.9.1,<3.10.0a0
  - dav1d >=1.2.1,<1.2.2.0a0
  - libavif16 >=1.1.1,<2.0a0
  - libcxx >=18
  - libde265 >=1.0.15,<1.0.16.0a0
  - x265 >=3.5,<3.6.0a0
  license: LGPL-3.0-or-later
  license_family: LGPL
  size: 429678
  timestamp: 1735260330340
- conda: https://conda.anaconda.org/conda-forge/osx-arm64/libiconv-1.17-h0d3ecfb_2.conda
  sha256: bc7de5097b97bcafcf7deaaed505f7ce02f648aac8eccc0d5a47cc599a1d0304
  md5: 69bda57310071cf6d2b86caf11573d2d
  license: LGPL-2.1-only
  size: 676469
  timestamp: 1702682458114
- conda: https://conda.anaconda.org/conda-forge/osx-arm64/libjpeg-turbo-3.0.0-hb547adb_1.conda
  sha256: a42054eaa38e84fc1e5ab443facac4bbc9d1b6b6f23f54b7bf4f1eb687e1d993
  md5: 3ff1e053dc3a2b8e36b9bfa4256a58d1
  constrains:
  - jpeg <0.0.0a
  license: IJG AND BSD-3-Clause AND Zlib
  size: 547541
  timestamp: 1694475104253
- conda: https://conda.anaconda.org/conda-forge/osx-arm64/libkml-1.3.0-he250239_1021.conda
  sha256: e578ba448489465b8fea743e214272a9fcfccb0d152ba1ff57657aaa76a0cd7d
  md5: 891bb2a18eaef684f37bd4fb942cd8b2
  depends:
  - __osx >=11.0
  - libcxx >=17
  - libexpat >=2.6.2,<3.0a0
  - libzlib >=1.3.1,<2.0a0
  - uriparser >=0.9.8,<1.0a0
  license: BSD-3-Clause
  license_family: BSD
  size: 281362
  timestamp: 1724667138089
- conda: https://conda.anaconda.org/conda-forge/osx-arm64/liblapack-3.9.0-26_osxarm64_openblas.conda
  build_number: 26
  sha256: dd6d9a21e672aee4332f019c8229ce70cf5eaf6c2f4cbd1443b105fb66c00dc5
  md5: cebad79038a75cfd28fa90d147a2d34d
  depends:
  - libblas 3.9.0 26_osxarm64_openblas
  constrains:
  - liblapacke 3.9.0 26_osxarm64_openblas
  - libcblas 3.9.0 26_osxarm64_openblas
  - blas * openblas
  license: BSD-3-Clause
  license_family: BSD
  size: 16624
  timestamp: 1734433068120
- conda: https://conda.anaconda.org/conda-forge/osx-arm64/liblzma-5.6.3-h39f12f2_1.conda
  sha256: d863b8257406918ffdc50ae65502f2b2d6cede29404d09a094f59509d6a0aaf1
  md5: b2553114a7f5e20ccd02378a77d836aa
  depends:
  - __osx >=11.0
  constrains:
  - xz ==5.6.3=*_1
  license: 0BSD
  size: 99129
  timestamp: 1733407496073
- conda: https://conda.anaconda.org/conda-forge/osx-arm64/libmpdec-4.0.0-h99b78c6_0.conda
  sha256: f7917de9117d3a5fe12a39e185c7ce424f8d5010a6f97b4333e8a1dcb2889d16
  md5: 7476305c35dd9acef48da8f754eedb40
  depends:
  - __osx >=11.0
  license: BSD-2-Clause
  license_family: BSD
  size: 69263
  timestamp: 1723817629767
- conda: https://conda.anaconda.org/conda-forge/osx-arm64/libnghttp2-1.64.0-h6d7220d_0.conda
  sha256: 00cc685824f39f51be5233b54e19f45abd60de5d8847f1a56906f8936648b72f
  md5: 3408c02539cee5f1141f9f11450b6a51
  depends:
  - __osx >=11.0
  - c-ares >=1.34.2,<2.0a0
  - libcxx >=17
  - libev >=4.33,<4.34.0a0
  - libev >=4.33,<5.0a0
  - libzlib >=1.3.1,<2.0a0
  - openssl >=3.3.2,<4.0a0
  license: MIT
  license_family: MIT
  size: 566719
  timestamp: 1729572385640
- conda: https://conda.anaconda.org/conda-forge/osx-arm64/libopenblas-0.3.28-openmp_hf332438_1.conda
  sha256: 62bb669c37a845129096f73d446cdb6bb170e4927f2fea2b661329680dbbc373
  md5: 40803a48d947c8639da6704e9a44d3ce
  depends:
  - __osx >=11.0
  - libgfortran 5.*
  - libgfortran5 >=13.2.0
  - llvm-openmp >=18.1.8
  constrains:
  - openblas >=0.3.28,<0.3.29.0a0
  license: BSD-3-Clause
  license_family: BSD
  size: 4165774
  timestamp: 1730772154295
- conda: https://conda.anaconda.org/conda-forge/osx-arm64/libpng-1.6.46-h3783ad8_0.conda
  sha256: db78a711561bb6df274ef421472d948dfd1093404db3915e891ae6d7fd37fadc
  md5: 15d480fb9dad036eaa4de0b51eab3ccc
  depends:
  - __osx >=11.0
  - libzlib >=1.3.1,<2.0a0
  license: zlib-acknowledgement
  size: 266516
  timestamp: 1737791023678
- conda: https://conda.anaconda.org/conda-forge/osx-arm64/librttopo-1.1.0-ha2cf0f4_17.conda
  sha256: 9ff3162d035a1d9022f6145755a70d0c0ce6c9152792402bc42294354c871a17
  md5: ba729f000ea379b76ed2190119d21e13
  depends:
  - __osx >=11.0
  - geos >=3.13.0,<3.13.1.0a0
  - libcxx >=17
  license: GPL-2.0-or-later
  license_family: GPL
  size: 191064
  timestamp: 1727265842691
- conda: https://conda.anaconda.org/conda-forge/osx-arm64/libspatialite-5.1.0-hf92fc0a_12.conda
  sha256: b11e6169fdbef472c307129192fd46133eec543036e41ab2f957615713b03d19
  md5: f05759528e44f74888830119ab32fc81
  depends:
  - __osx >=11.0
  - freexl >=2
  - freexl >=2.0.0,<3.0a0
  - geos >=3.13.0,<3.13.1.0a0
  - libcxx >=18
  - libiconv >=1.17,<2.0a0
  - librttopo >=1.1.0,<1.2.0a0
  - libsqlite >=3.47.2,<4.0a0
  - libxml2 >=2.13.5,<3.0a0
  - libzlib >=1.3.1,<2.0a0
  - proj >=9.5.1,<9.6.0a0
  - sqlite
  - zlib
  license: MPL-1.1
  license_family: MOZILLA
  size: 2943606
  timestamp: 1734001158789
- conda: https://conda.anaconda.org/conda-forge/osx-arm64/libsqlite-3.48.0-h3f77e49_1.conda
  sha256: 17c06940cc2a13fd6a17effabd6881b1477db38b2cd3ee2571092d293d3fdd75
  md5: 4c55169502ecddf8077973a987d08f08
  depends:
  - __osx >=11.0
  - libzlib >=1.3.1,<2.0a0
  license: Unlicense
  size: 852831
  timestamp: 1737564996616
- conda: https://conda.anaconda.org/conda-forge/osx-arm64/libssh2-1.11.1-h9cc3647_0.conda
  sha256: f7047c6ed44bcaeb04432e8c74da87591940d091b0a3940c0d884b7faa8062e9
  md5: ddc7194676c285513706e5fc64f214d7
  depends:
  - libzlib >=1.3.1,<2.0a0
  - openssl >=3.4.0,<4.0a0
  license: BSD-3-Clause
  license_family: BSD
  size: 279028
  timestamp: 1732349599461
- conda: https://conda.anaconda.org/conda-forge/osx-arm64/libtiff-4.7.0-h551f018_3.conda
  sha256: 91417846157e04992801438a496b151df89604b2e7c6775d6f701fcd0cbed5ae
  md5: a5d084a957563e614ec0c0196d890654
  depends:
  - __osx >=11.0
  - lerc >=4.0.0,<5.0a0
  - libcxx >=18
  - libdeflate >=1.23,<1.24.0a0
  - libjpeg-turbo >=3.0.0,<4.0a0
  - liblzma >=5.6.3,<6.0a0
  - libwebp-base >=1.4.0,<2.0a0
  - libzlib >=1.3.1,<2.0a0
  - zstd >=1.5.6,<1.6.0a0
  license: HPND
  size: 370600
  timestamp: 1734398863052
- conda: https://conda.anaconda.org/conda-forge/osx-arm64/libwebp-base-1.5.0-h2471fea_0.conda
  sha256: f8bdb876b4bc8cb5df47c28af29188de8911c3fea4b799a33743500149de3f4a
  md5: 569466afeb84f90d5bb88c11cc23d746
  depends:
  - __osx >=11.0
  constrains:
  - libwebp 1.5.0
  license: BSD-3-Clause
  license_family: BSD
  size: 290013
  timestamp: 1734777593617
- conda: https://conda.anaconda.org/conda-forge/osx-arm64/libxml2-2.13.5-h178c5d8_1.conda
  sha256: d7af3f25a4cece170502acd38f2dafbea4521f373f46dcb28a37fbe6ac2da544
  md5: 3dc3cff0eca1640a6acbbfab2f78139e
  depends:
  - __osx >=11.0
  - icu >=75.1,<76.0a0
  - libiconv >=1.17,<2.0a0
  - liblzma >=5.6.3,<6.0a0
  - libzlib >=1.3.1,<2.0a0
  license: MIT
  license_family: MIT
  size: 582898
  timestamp: 1733443841584
- conda: https://conda.anaconda.org/conda-forge/osx-arm64/libzlib-1.3.1-h8359307_2.conda
  sha256: ce34669eadaba351cd54910743e6a2261b67009624dbc7daeeafdef93616711b
  md5: 369964e85dc26bfe78f41399b366c435
  depends:
  - __osx >=11.0
  constrains:
  - zlib 1.3.1 *_2
  license: Zlib
  license_family: Other
  size: 46438
  timestamp: 1727963202283
- conda: https://conda.anaconda.org/conda-forge/osx-arm64/llvm-openmp-19.1.7-hdb05f8b_0.conda
  sha256: b92a669f2059874ebdcb69041b6c243d68ffc3fb356ac1339cec44aeb27245d7
  md5: c4d54bfd3817313ce758aa76283b118d
  depends:
  - __osx >=11.0
  constrains:
  - openmp 19.1.7|19.1.7.*
  license: Apache-2.0 WITH LLVM-exception
  license_family: APACHE
  size: 280830
  timestamp: 1736986295869
- conda: https://conda.anaconda.org/conda-forge/osx-arm64/lz4-c-1.10.0-h286801f_1.conda
  sha256: 94d3e2a485dab8bdfdd4837880bde3dd0d701e2b97d6134b8806b7c8e69c8652
  md5: 01511afc6cc1909c5303cf31be17b44f
  depends:
  - __osx >=11.0
  - libcxx >=18
  license: BSD-2-Clause
  license_family: BSD
  size: 148824
  timestamp: 1733741047892
- conda: https://conda.anaconda.org/conda-forge/osx-arm64/lzo-2.10-h93a5062_1001.conda
  sha256: b68160b0a8ec374cea12de7afb954ca47419cdc300358232e19cec666d60b929
  md5: 915996063a7380c652f83609e970c2a7
  license: GPL-2.0-or-later
  license_family: GPL2
  size: 131447
  timestamp: 1713516009610
- conda: https://conda.anaconda.org/conda-forge/osx-arm64/minizip-4.0.7-hff1a8ea_3.conda
  sha256: 6d904a6fc5e875e687b9fab244d5b286961222d72f546f9939d8f80ebe873c1c
  md5: 666bd61287ad7ee417884eacd9aef2ea
  depends:
  - __osx >=11.0
  - bzip2 >=1.0.8,<2.0a0
  - libcxx >=18
  - libiconv >=1.17,<2.0a0
  - liblzma >=5.6.3,<6.0a0
  - libzlib >=1.3.1,<2.0a0
  - openssl >=3.4.0,<4.0a0
  - zstd >=1.5.6,<1.6.0a0
  license: Zlib
  license_family: Other
  size: 77597
  timestamp: 1734012196026
- conda: https://conda.anaconda.org/conda-forge/osx-arm64/ncurses-6.5-h5e97a16_2.conda
  sha256: b45c73348ec9841d5c893acc2e97adff24127548fe8c786109d03c41ed564e91
  md5: f6f7c5b7d0983be186c46c4f6f8f9af8
  depends:
  - __osx >=11.0
  license: X11 AND BSD-3-Clause
  size: 796754
  timestamp: 1736683572099
- conda: https://conda.anaconda.org/conda-forge/osx-arm64/numpy-2.2.2-py313h41a2e72_0.conda
  sha256: 0e7f27766505a73ceafaf48c2d791e4f1aa197f61456038c9f4ae042b811d5df
  md5: e5041789d91a22a14205a69faf4ee324
  depends:
  - __osx >=11.0
  - libblas >=3.9.0,<4.0a0
  - libcblas >=3.9.0,<4.0a0
  - libcxx >=18
  - liblapack >=3.9.0,<4.0a0
  - python >=3.13,<3.14.0a0
  - python >=3.13,<3.14.0a0 *_cp313
  - python_abi 3.13.* *_cp313
  constrains:
  - numpy-base <0a0
  license: BSD-3-Clause
  license_family: BSD
  size: 6517665
  timestamp: 1737331575921
- conda: https://conda.anaconda.org/conda-forge/osx-arm64/openssl-3.4.0-h81ee809_1.conda
  sha256: 97772762abc70b3a537683ca9fc3ff3d6099eb64e4aba3b9c99e6fce48422d21
  md5: 22f971393637480bda8c679f374d8861
  depends:
  - __osx >=11.0
  - ca-certificates
  license: Apache-2.0
  license_family: Apache
  size: 2936415
  timestamp: 1736086108693
- conda: https://conda.anaconda.org/conda-forge/osx-arm64/pcre2-10.44-h297a79d_2.conda
  sha256: 83153c7d8fd99cab33c92ce820aa7bfed0f1c94fc57010cf227b6e3c50cb7796
  md5: 147c83e5e44780c7492998acbacddf52
  depends:
  - __osx >=11.0
  - bzip2 >=1.0.8,<2.0a0
  - libzlib >=1.3.1,<2.0a0
  license: BSD-3-Clause
  license_family: BSD
  size: 618973
  timestamp: 1723488853807
- conda: https://conda.anaconda.org/conda-forge/osx-arm64/proj-9.5.1-h1318a7e_0.conda
  sha256: c6289d6f1a13f28ff3754ac0cb2553f7e7bc4a3102291115f62a04995d0421eb
  md5: 5eb42e77ae79b46fabcb0f6f6d130763
  depends:
  - __osx >=11.0
  - libcurl >=8.10.1,<9.0a0
  - libcxx >=18
  - libsqlite >=3.47.0,<4.0a0
  - libtiff >=4.7.0,<4.8.0a0
  - sqlite
  constrains:
  - proj4 ==999999999999
  license: MIT
  license_family: MIT
  size: 2673401
  timestamp: 1733138376056
- conda: https://conda.anaconda.org/conda-forge/osx-arm64/python-3.13.1-h4f43103_105_cp313.conda
  build_number: 105
  sha256: 7d27cc8ef214abbdf7dd8a5d473e744f4bd9beb7293214a73c58e4895c2830b8
  md5: 11d916b508764b7d881dd5c75d222d6e
  depends:
  - __osx >=11.0
  - bzip2 >=1.0.8,<2.0a0
  - libexpat >=2.6.4,<3.0a0
  - libffi >=3.4,<4.0a0
  - liblzma >=5.6.3,<6.0a0
  - libmpdec >=4.0.0,<5.0a0
  - libsqlite >=3.47.2,<4.0a0
  - libzlib >=1.3.1,<2.0a0
  - ncurses >=6.5,<7.0a0
  - openssl >=3.4.0,<4.0a0
  - python_abi 3.13.* *_cp313
  - readline >=8.2,<9.0a0
  - tk >=8.6.13,<8.7.0a0
  - tzdata
  license: Python-2.0
  size: 12919840
  timestamp: 1736761931666
  python_site_packages_path: lib/python3.13/site-packages
- conda: https://conda.anaconda.org/conda-forge/osx-arm64/python_abi-3.13-5_cp313.conda
  build_number: 5
  sha256: 4437198eae80310f40b23ae2f8a9e0a7e5c2b9ae411a8621eb03d87273666199
  md5: b8e82d0a5c1664638f87f63cc5d241fb
  constrains:
  - python 3.13.* *_cp313
  license: BSD-3-Clause
  license_family: BSD
  size: 6322
  timestamp: 1723823058879
- conda: https://conda.anaconda.org/conda-forge/osx-arm64/rav1e-0.6.6-h69fbcac_2.conda
  sha256: be6174970193cb4d0ffa7d731a93a4c9542881dbc7ab24e74b460ef312161169
  md5: e309ae86569b1cd55a0285fa4e939844
  license: BSD-2-Clause
  license_family: BSD
  size: 1526706
  timestamp: 1694329743011
- conda: https://conda.anaconda.org/conda-forge/osx-arm64/readline-8.2-h92ec313_1.conda
  sha256: a1dfa679ac3f6007362386576a704ad2d0d7a02e98f5d0b115f207a2da63e884
  md5: 8cbb776a2f641b943d413b3e19df71f4
  depends:
  - ncurses >=6.3,<7.0a0
  license: GPL-3.0-only
  license_family: GPL
  size: 250351
  timestamp: 1679532511311
- conda: https://conda.anaconda.org/conda-forge/osx-arm64/snappy-1.2.1-h98b9ce2_1.conda
  sha256: 4242f95b215127a006eb664fe26ed5a82df87e90cbdbc7ce7ff4971f0720997f
  md5: ded86dee325290da2967a3fea3800eb5
  depends:
  - __osx >=11.0
  - libcxx >=18
  license: BSD-3-Clause
  license_family: BSD
  size: 35857
  timestamp: 1733502172664
- conda: https://conda.anaconda.org/conda-forge/osx-arm64/sqlite-3.48.0-hd7222ec_1.conda
  sha256: 6c1609abe16ed39dd099eb7e32e2f3228105ab81bdd8da65700d46ee0984013e
  md5: 802cc94c9fa238cb3f802d430a528bd5
  depends:
  - __osx >=11.0
  - libsqlite 3.48.0 h3f77e49_1
  - libzlib >=1.3.1,<2.0a0
  - ncurses >=6.5,<7.0a0
  - readline >=8.2,<9.0a0
  license: Unlicense
  size: 858007
  timestamp: 1737565018178
- conda: https://conda.anaconda.org/conda-forge/osx-arm64/svt-av1-2.3.0-hf24288c_0.conda
  sha256: ab876ed8bdd20e22a868dcb8d03e9ce9bbba7762d7e652d49bfff6af768a5b8f
  md5: 114c33e9eec335a379c9ee6c498bb807
  depends:
  - __osx >=11.0
  - libcxx >=17
  license: BSD-2-Clause
  license_family: BSD
  size: 1387330
  timestamp: 1730246134730
- conda: https://conda.anaconda.org/conda-forge/osx-arm64/tk-8.6.13-h5083fa2_1.conda
  sha256: 72457ad031b4c048e5891f3f6cb27a53cb479db68a52d965f796910e71a403a8
  md5: b50a57ba89c32b62428b71a875291c9b
  depends:
  - libzlib >=1.2.13,<2.0.0a0
  license: TCL
  license_family: BSD
  size: 3145523
  timestamp: 1699202432999
- conda: https://conda.anaconda.org/conda-forge/noarch/tzdata-2025a-h78e105d_0.conda
  sha256: c4b1ae8a2931fe9b274c44af29c5475a85b37693999f8c792dad0f8c6734b1de
  md5: dbcace4706afdfb7eb891f7b37d07c04
  license: LicenseRef-Public-Domain
  size: 122921
  timestamp: 1737119101255
- conda: https://conda.anaconda.org/conda-forge/osx-arm64/uriparser-0.9.8-h00cdb27_0.conda
  sha256: fa0bcbfb20a508ca9bf482236fe799581cbd0eab016e47a865e9fa44dbe3c512
  md5: e8ff9e11babbc8cd77af5a4258dc2802
  depends:
  - __osx >=11.0
  - libcxx >=16
  license: BSD-3-Clause
  license_family: BSD
  size: 40625
  timestamp: 1715010029254
- conda: https://conda.anaconda.org/conda-forge/osx-arm64/x265-3.5-hbc6ce65_3.tar.bz2
  sha256: 2fed6987dba7dee07bd9adc1a6f8e6c699efb851431bcb6ebad7de196e87841d
  md5: b1f7f2780feffe310b068c021e8ff9b2
  depends:
  - libcxx >=12.0.1
  license: GPL-2.0-or-later
  license_family: GPL
  size: 1832744
  timestamp: 1646609481185
- conda: https://conda.anaconda.org/conda-forge/osx-arm64/xerces-c-3.2.5-h92fc2f4_2.conda
  sha256: 863a7c2a991a4399d362d42c285ebc20748a4ea417647ebd3a171e2220c7457d
  md5: 50b7325437ef0901fe25dc5c9e743b88
  depends:
  - __osx >=11.0
  - icu >=75.1,<76.0a0
  - libcxx >=17
  license: Apache-2.0
  license_family: Apache
  size: 1277884
  timestamp: 1727733870250
- conda: https://conda.anaconda.org/conda-forge/osx-arm64/zlib-1.3.1-h8359307_2.conda
  sha256: 58f8860756680a4831c1bf4f294e2354d187f2e999791d53b1941834c4b37430
  md5: e3170d898ca6cb48f1bb567afb92f775
  depends:
  - __osx >=11.0
  - libzlib 1.3.1 h8359307_2
  license: Zlib
  license_family: Other
  size: 77606
  timestamp: 1727963209370
- conda: https://conda.anaconda.org/conda-forge/osx-arm64/zstd-1.5.6-hb46c0d2_0.conda
  sha256: 2d4fd1ff7ee79cd954ca8e81abf11d9d49954dd1fef80f27289e2402ae9c2e09
  md5: d96942c06c3e84bfcc5efb038724a7fd
  depends:
  - __osx >=11.0
  - libzlib >=1.2.13,<2.0.0a0
  license: BSD-3-Clause
  license_family: BSD
  size: 405089
  timestamp: 1714723101397
